
Microsoft Visual Studio Solution File, Format Version 12.00
# Visual Studio Version 16
VisualStudioVersion = 16.0.31313.79
MinimumVisualStudioVersion = 10.0.40219.1
Project("{9A19103F-16F7-4668-BE54-9A1E7A4F7556}") = "GartikPhone.Server", "Server\GartikPhone.Server.csproj", "{0B99634A-9E03-4EAB-9E76-5995756E61EB}"
EndProject
Project("{9A19103F-16F7-4668-BE54-9A1E7A4F7556}") = "GartikPhone.Client", "Client\GartikPhone.Client.csproj", "{2C31EF42-5E16-4320-9E60-C73CA120E918}"
EndProject
Project("{9A19103F-16F7-4668-BE54-9A1E7A4F7556}") = "GartikPhone.Shared", "Shared\GartikPhone.Shared.csproj", "{FBA5AE6B-3B6A-4FCC-ACCF-6C78F97B8477}"
EndProject
Global
	GlobalSection(SolutionConfigurationPlatforms) = preSolution
		Debug|Any CPU = Debug|Any CPU
		Release|Any CPU = Release|Any CPU
	EndGlobalSection
	GlobalSection(ProjectConfigurationPlatforms) = postSolution
		{0B99634A-9E03-4EAB-9E76-5995756E61EB}.Debug|Any CPU.ActiveCfg = Debug|Any CPU
		{0B99634A-9E03-4EAB-9E76-5995756E61EB}.Debug|Any CPU.Build.0 = Debug|Any CPU
		{0B99634A-9E03-4EAB-9E76-5995756E61EB}.Release|Any CPU.ActiveCfg = Release|Any CPU
		{0B99634A-9E03-4EAB-9E76-5995756E61EB}.Release|Any CPU.Build.0 = Release|Any CPU
		{2C31EF42-5E16-4320-9E60-C73CA120E918}.Debug|Any CPU.ActiveCfg = Debug|Any CPU
		{2C31EF42-5E16-4320-9E60-C73CA120E918}.Debug|Any CPU.Build.0 = Debug|Any CPU
		{2C31EF42-5E16-4320-9E60-C73CA120E918}.Release|Any CPU.ActiveCfg = Release|Any CPU
		{2C31EF42-5E16-4320-9E60-C73CA120E918}.Release|Any CPU.Build.0 = Release|Any CPU
		{FBA5AE6B-3B6A-4FCC-ACCF-6C78F97B8477}.Debug|Any CPU.ActiveCfg = Debug|Any CPU
		{FBA5AE6B-3B6A-4FCC-ACCF-6C78F97B8477}.Debug|Any CPU.Build.0 = Debug|Any CPU
		{FBA5AE6B-3B6A-4FCC-ACCF-6C78F97B8477}.Release|Any CPU.ActiveCfg = Release|Any CPU
		{FBA5AE6B-3B6A-4FCC-ACCF-6C78F97B8477}.Release|Any CPU.Build.0 = Release|Any CPU
	EndGlobalSection
	GlobalSection(SolutionProperties) = preSolution
		HideSolutionNode = FALSE
	EndGlobalSection
	GlobalSection(ExtensibilityGlobals) = postSolution
		SolutionGuid = {6B3D6DD4-8C43-49C0-B27F-A501FDCC4680}
	EndGlobalSection
EndGlobal
